
Microsoft Visual Studio Solution File, Format Version 12.00
# Visual Studio Version 17
VisualStudioVersion = 17.2.32616.157
MinimumVisualStudioVersion = 10.0.40219.1
Project("{FAE04EC0-301F-11D3-BF4B-00C04F79EFBC}") = "LoopPractice", "LoopPractice\LoopPractice.csproj", "{F6065777-F3BA-4612-A822-1D281F52BAE3}"
EndProject
Global
	GlobalSection(SolutionConfigurationPlatforms) = preSolution
		Debug|Any CPU = Debug|Any CPU
		Release|Any CPU = Release|Any CPU
	EndGlobalSection
	GlobalSection(ProjectConfigurationPlatforms) = postSolution
		{F6065777-F3BA-4612-A822-1D281F52BAE3}.Debug|Any CPU.ActiveCfg = Debug|Any CPU
		{F6065777-F3BA-4612-A822-1D281F52BAE3}.Debug|Any CPU.Build.0 = Debug|Any CPU
		{F6065777-F3BA-4612-A822-1D281F52BAE3}.Release|Any CPU.ActiveCfg = Release|Any CPU
		{F6065777-F3BA-4612-A822-1D281F52BAE3}.Release|Any CPU.Build.0 = Release|Any CPU
	EndGlobalSection
	GlobalSection(SolutionProperties) = preSolution
		HideSolutionNode = FALSE
	EndGlobalSection
	GlobalSection(ExtensibilityGlobals) = postSolution
		SolutionGuid = {3547447E-0C09-4098-97D0-9211852CECA5}
	EndGlobalSection
EndGlobal
